
Microsoft Visual Studio Solution File, Format Version 12.00
# Visual Studio Version 16
VisualStudioVersion = 16.0.30523.141
MinimumVisualStudioVersion = 10.0.40219.1
Project("{2150E333-8FDC-42A3-9474-1A3956D46DE8}") = "Solution Items", "Solution Items", "{3C7CFA4A-5FEC-4548-8409-99987E643834}"
	ProjectSection(SolutionItems) = preProject
		.editorconfig = .editorconfig
		CONTRIBUTING.md = CONTRIBUTING.md
		LICENSE.txt = LICENSE.txt
		README.md = README.md
	EndProjectSection
EndProject
Project("{FAE04EC0-301F-11D3-BF4B-00C04F79EFBC}") = "1-PHOTOLAB-User-Interface", "1-PhotoLab-user-interface\1-PHOTOLAB-User-Interface.csproj", "{95D9D016-79D5-451B-856E-C1F20FDAE91F}"
EndProject
Project("{FAE04EC0-301F-11D3-BF4B-00C04F79EFBC}") = "2-PHOTOLAB-Style", "2-PHOTOLAB-Style\2-PHOTOLAB-Style.csproj", "{EA7010C6-9559-4230-B03A-4AB40E516067}"
EndProject
Project("{FAE04EC0-301F-11D3-BF4B-00C04F79EFBC}") = "3-PHOTOLAB-Data-Binding", "3-PHOTOLAB-Data-Binding\3-PHOTOLAB-Data-Binding.csproj", "{9C0BCB80-4B44-4871-ABE0-E38CEDD449EC}"
EndProject
Project("{FAE04EC0-301F-11D3-BF4B-00C04F79EFBC}") = "4-PHOTOLAB-Adaptive-Layout", "4-PHOTOLAB-Adaptive-Layout\4-PHOTOLAB-Adaptive-Layout.csproj", "{DFAF0460-6E94-474C-BC7E-F1D0DF1EDB7E}"
EndProject
Project("{FAE04EC0-301F-11D3-BF4B-00C04F79EFBC}") = "5-PHOTOLAB-Final", "5-PHOTOLAB-Final\5-PHOTOLAB-Final.csproj", "{E14C981C-0ED7-4FE3-A317-07364B22604B}"
EndProject
Project("{FAE04EC0-301F-11D3-BF4B-00C04F79EFBC}") = "PHOTOLAB", "PHOTOLAB.csproj", "{2BAD0569-0F3E-45A6-8D61-0374BDAD87A3}"
EndProject
Global
	GlobalSection(SolutionConfigurationPlatforms) = preSolution
		Debug|ARM = Debug|ARM
		Debug|x64 = Debug|x64
		Debug|x86 = Debug|x86
		Release|ARM = Release|ARM
		Release|x64 = Release|x64
		Release|x86 = Release|x86
	EndGlobalSection
	GlobalSection(ProjectConfigurationPlatforms) = postSolution
		{95D9D016-79D5-451B-856E-C1F20FDAE91F}.Debug|ARM.ActiveCfg = Debug|ARM
		{95D9D016-79D5-451B-856E-C1F20FDAE91F}.Debug|ARM.Build.0 = Debug|ARM
		{95D9D016-79D5-451B-856E-C1F20FDAE91F}.Debug|ARM.Deploy.0 = Debug|ARM
		{95D9D016-79D5-451B-856E-C1F20FDAE91F}.Debug|x64.ActiveCfg = Debug|x64
		{95D9D016-79D5-451B-856E-C1F20FDAE91F}.Debug|x64.Build.0 = Debug|x64
		{95D9D016-79D5-451B-856E-C1F20FDAE91F}.Debug|x64.Deploy.0 = Debug|x64
		{95D9D016-79D5-451B-856E-C1F20FDAE91F}.Debug|x86.ActiveCfg = Debug|x86
		{95D9D016-79D5-451B-856E-C1F20FDAE91F}.Debug|x86.Build.0 = Debug|x86
		{95D9D016-79D5-451B-856E-C1F20FDAE91F}.Debug|x86.Deploy.0 = Debug|x86
		{95D9D016-79D5-451B-856E-C1F20FDAE91F}.Release|ARM.ActiveCfg = Release|ARM
		{95D9D016-79D5-451B-856E-C1F20FDAE91F}.Release|ARM.Build.0 = Release|ARM
		{95D9D016-79D5-451B-856E-C1F20FDAE91F}.Release|ARM.Deploy.0 = Release|ARM
		{95D9D016-79D5-451B-856E-C1F20FDAE91F}.Release|x64.ActiveCfg = Release|x64
		{95D9D016-79D5-451B-856E-C1F20FDAE91F}.Release|x64.Build.0 = Release|x64
		{95D9D016-79D5-451B-856E-C1F20FDAE91F}.Release|x64.Deploy.0 = Release|x64
		{95D9D016-79D5-451B-856E-C1F20FDAE91F}.Release|x86.ActiveCfg = Release|x86
		{95D9D016-79D5-451B-856E-C1F20FDAE91F}.Release|x86.Build.0 = Release|x86
		{95D9D016-79D5-451B-856E-C1F20FDAE91F}.Release|x86.Deploy.0 = Release|x86
		{EA7010C6-9559-4230-B03A-4AB40E516067}.Debug|ARM.ActiveCfg = Debug|ARM
		{EA7010C6-9559-4230-B03A-4AB40E516067}.Debug|ARM.Build.0 = Debug|ARM
		{EA7010C6-9559-4230-B03A-4AB40E516067}.Debug|ARM.Deploy.0 = Debug|ARM
		{EA7010C6-9559-4230-B03A-4AB40E516067}.Debug|x64.ActiveCfg = Debug|x64
		{EA7010C6-9559-4230-B03A-4AB40E516067}.Debug|x64.Build.0 = Debug|x64
		{EA7010C6-9559-4230-B03A-4AB40E516067}.Debug|x64.Deploy.0 = Debug|x64
		{EA7010C6-9559-4230-B03A-4AB40E516067}.Debug|x86.ActiveCfg = Debug|x86
		{EA7010C6-9559-4230-B03A-4AB40E516067}.Debug|x86.Build.0 = Debug|x86
		{EA7010C6-9559-4230-B03A-4AB40E516067}.Debug|x86.Deploy.0 = Debug|x86
		{EA7010C6-9559-4230-B03A-4AB40E516067}.Release|ARM.ActiveCfg = Release|ARM
		{EA7010C6-9559-4230-B03A-4AB40E516067}.Release|ARM.Build.0 = Release|ARM
		{EA7010C6-9559-4230-B03A-4AB40E516067}.Release|ARM.Deploy.0 = Release|ARM
		{EA7010C6-9559-4230-B03A-4AB40E516067}.Release|x64.ActiveCfg = Release|x64
		{EA7010C6-9559-4230-B03A-4AB40E516067}.Release|x64.Build.0 = Release|x64
		{EA7010C6-9559-4230-B03A-4AB40E516067}.Release|x64.Deploy.0 = Release|x64
		{EA7010C6-9559-4230-B03A-4AB40E516067}.Release|x86.ActiveCfg = Release|x86
		{EA7010C6-9559-4230-B03A-4AB40E516067}.Release|x86.Build.0 = Release|x86
		{EA7010C6-9559-4230-B03A-4AB40E516067}.Release|x86.Deploy.0 = Release|x86
		{9C0BCB80-4B44-4871-ABE0-E38CEDD449EC}.Debug|ARM.ActiveCfg = Debug|ARM
		{9C0BCB80-4B44-4871-ABE0-E38CEDD449EC}.Debug|ARM.Build.0 = Debug|ARM
		{9C0BCB80-4B44-4871-ABE0-E38CEDD449EC}.Debug|ARM.Deploy.0 = Debug|ARM
		{9C0BCB80-4B44-4871-ABE0-E38CEDD449EC}.Debug|x64.ActiveCfg = Debug|x64
		{9C0BCB80-4B44-4871-ABE0-E38CEDD449EC}.Debug|x64.Build.0 = Debug|x64
		{9C0BCB80-4B44-4871-ABE0-E38CEDD449EC}.Debug|x64.Deploy.0 = Debug|x64
		{9C0BCB80-4B44-4871-ABE0-E38CEDD449EC}.Debug|x86.ActiveCfg = Debug|x86
		{9C0BCB80-4B44-4871-ABE0-E38CEDD449EC}.Debug|x86.Build.0 = Debug|x86
		{9C0BCB80-4B44-4871-ABE0-E38CEDD449EC}.Debug|x86.Deploy.0 = Debug|x86
		{9C0BCB80-4B44-4871-ABE0-E38CEDD449EC}.Release|ARM.ActiveCfg = Release|ARM
		{9C0BCB80-4B44-4871-ABE0-E38CEDD449EC}.Release|ARM.Build.0 = Release|ARM
		{9C0BCB80-4B44-4871-ABE0-E38CEDD449EC}.Release|ARM.Deploy.0 = Release|ARM
		{9C0BCB80-4B44-4871-ABE0-E38CEDD449EC}.Release|x64.ActiveCfg = Release|x64
		{9C0BCB80-4B44-4871-ABE0-E38CEDD449EC}.Release|x64.Build.0 = Release|x64
		{9C0BCB80-4B44-4871-ABE0-E38CEDD449EC}.Release|x64.Deploy.0 = Release|x64
		{9C0BCB80-4B44-4871-ABE0-E38CEDD449EC}.Release|x86.ActiveCfg = Release|x86
		{9C0BCB80-4B44-4871-ABE0-E38CEDD449EC}.Release|x86.Build.0 = Release|x86
		{9C0BCB80-4B44-4871-ABE0-E38CEDD449EC}.Release|x86.Deploy.0 = Release|x86
		{DFAF0460-6E94-474C-BC7E-F1D0DF1EDB7E}.Debug|ARM.ActiveCfg = Debug|ARM
		{DFAF0460-6E94-474C-BC7E-F1D0DF1EDB7E}.Debug|ARM.Build.0 = Debug|ARM
		{DFAF0460-6E94-474C-BC7E-F1D0DF1EDB7E}.Debug|ARM.Deploy.0 = Debug|ARM
		{DFAF0460-6E94-474C-BC7E-F1D0DF1EDB7E}.Debug|x64.ActiveCfg = Debug|x64
		{DFAF0460-6E94-474C-BC7E-F1D0DF1EDB7E}.Debug|x64.Build.0 = Debug|x64
		{DFAF0460-6E94-474C-BC7E-F1D0DF1EDB7E}.Debug|x64.Deploy.0 = Debug|x64
		{DFAF0460-6E94-474C-BC7E-F1D0DF1EDB7E}.Debug|x86.ActiveCfg = Debug|x86
		{DFAF0460-6E94-474C-BC7E-F1D0DF1EDB7E}.Debug|x86.Build.0 = Debug|x86
		{DFAF0460-6E94-474C-BC7E-F1D0DF1EDB7E}.Debug|x86.Deploy.0 = Debug|x86
		{DFAF0460-6E94-474C-BC7E-F1D0DF1EDB7E}.Release|ARM.ActiveCfg = Release|ARM
		{DFAF0460-6E94-474C-BC7E-F1D0DF1EDB7E}.Release|ARM.Build.0 = Release|ARM
		{DFAF0460-6E94-474C-BC7E-F1D0DF1EDB7E}.Release|ARM.Deploy.0 = Release|ARM
		{DFAF0460-6E94-474C-BC7E-F1D0DF1EDB7E}.Release|x64.ActiveCfg = Release|x64
		{DFAF0460-6E94-474C-BC7E-F1D0DF1EDB7E}.Release|x64.Build.0 = Release|x64
		{DFAF0460-6E94-474C-BC7E-F1D0DF1EDB7E}.Release|x64.Deploy.0 = Release|x64
		{DFAF0460-6E94-474C-BC7E-F1D0DF1EDB7E}.Release|x86.ActiveCfg = Release|x86
		{DFAF0460-6E94-474C-BC7E-F1D0DF1EDB7E}.Release|x86.Build.0 = Release|x86
		{DFAF0460-6E94-474C-BC7E-F1D0DF1EDB7E}.Release|x86.Deploy.0 = Release|x86
		{E14C981C-0ED7-4FE3-A317-07364B22604B}.Debug|ARM.ActiveCfg = Debug|ARM
		{E14C981C-0ED7-4FE3-A317-07364B22604B}.Debug|ARM.Build.0 = Debug|ARM
		{E14C981C-0ED7-4FE3-A317-07364B22604B}.Debug|ARM.Deploy.0 = Debug|ARM
		{E14C981C-0ED7-4FE3-A317-07364B22604B}.Debug|x64.ActiveCfg = Debug|x64
		{E14C981C-0ED7-4FE3-A317-07364B22604B}.Debug|x64.Build.0 = Debug|x64
		{E14C981C-0ED7-4FE3-A317-07364B22604B}.Debug|x64.Deploy.0 = Debug|x64
		{E14C981C-0ED7-4FE3-A317-07364B22604B}.Debug|x86.ActiveCfg = Debug|x86
		{E14C981C-0ED7-4FE3-A317-07364B22604B}.Debug|x86.Build.0 = Debug|x86
		{E14C981C-0ED7-4FE3-A317-07364B22604B}.Debug|x86.Deploy.0 = Debug|x86
		{E14C981C-0ED7-4FE3-A317-07364B22604B}.Release|ARM.ActiveCfg = Release|ARM
		{E14C981C-0ED7-4FE3-A317-07364B22604B}.Release|ARM.Build.0 = Release|ARM
		{E14C981C-0ED7-4FE3-A317-07364B22604B}.Release|ARM.Deploy.0 = Release|ARM
		{E14C981C-0ED7-4FE3-A317-07364B22604B}.Release|x64.ActiveCfg = Release|x64
		{E14C981C-0ED7-4FE3-A317-07364B22604B}.Release|x64.Build.0 = Release|x64
		{E14C981C-0ED7-4FE3-A317-07364B22604B}.Release|x64.Deploy.0 = Release|x64
		{E14C981C-0ED7-4FE3-A317-07364B22604B}.Release|x86.ActiveCfg = Release|x86
		{E14C981C-0ED7-4FE3-A317-07364B22604B}.Release|x86.Build.0 = Release|x86
		{E14C981C-0ED7-4FE3-A317-07364B22604B}.Release|x86.Deploy.0 = Release|x86
		{2BAD0569-0F3E-45A6-8D61-0374BDAD87A3}.Debug|ARM.ActiveCfg = Debug|ARM
		{2BAD0569-0F3E-45A6-8D61-0374BDAD87A3}.Debug|ARM.Build.0 = Debug|ARM
		{2BAD0569-0F3E-45A6-8D61-0374BDAD87A3}.Debug|ARM.Deploy.0 = Debug|ARM
		{2BAD0569-0F3E-45A6-8D61-0374BDAD87A3}.Debug|x64.ActiveCfg = Debug|x64
		{2BAD0569-0F3E-45A6-8D61-0374BDAD87A3}.Debug|x64.Build.0 = Debug|x64
		{2BAD0569-0F3E-45A6-8D61-0374BDAD87A3}.Debug|x64.Deploy.0 = Debug|x64
		{2BAD0569-0F3E-45A6-8D61-0374BDAD87A3}.Debug|x86.ActiveCfg = Debug|x86
		{2BAD0569-0F3E-45A6-8D61-0374BDAD87A3}.Debug|x86.Build.0 = Debug|x86
		{2BAD0569-0F3E-45A6-8D61-0374BDAD87A3}.Debug|x86.Deploy.0 = Debug|x86
		{2BAD0569-0F3E-45A6-8D61-0374BDAD87A3}.Release|ARM.ActiveCfg = Release|ARM
		{2BAD0569-0F3E-45A6-8D61-0374BDAD87A3}.Release|ARM.Build.0 = Release|ARM
		{2BAD0569-0F3E-45A6-8D61-0374BDAD87A3}.Release|ARM.Deploy.0 = Release|ARM
		{2BAD0569-0F3E-45A6-8D61-0374BDAD87A3}.Release|x64.ActiveCfg = Release|x64
		{2BAD0569-0F3E-45A6-8D61-0374BDAD87A3}.Release|x64.Build.0 = Release|x64
		{2BAD0569-0F3E-45A6-8D61-0374BDAD87A3}.Release|x64.Deploy.0 = Release|x64
		{2BAD0569-0F3E-45A6-8D61-0374BDAD87A3}.Release|x86.ActiveCfg = Release|x86
		{2BAD0569-0F3E-45A6-8D61-0374BDAD87A3}.Release|x86.Build.0 = Release|x86
		{2BAD0569-0F3E-45A6-8D61-0374BDAD87A3}.Release|x86.Deploy.0 = Release|x86
	EndGlobalSection
	GlobalSection(SolutionProperties) = preSolution
		HideSolutionNode = FALSE
	EndGlobalSection
	GlobalSection(ExtensibilityGlobals) = postSolution
		SolutionGuid = {B4F64A51-14B3-460B-8FA5-DAC996D5BBDE}
	EndGlobalSection
EndGlobal
